
Microsoft Visual Studio Solution File, Format Version 12.00
# Visual Studio Version 16
VisualStudioVersion = 16.0.30621.155
MinimumVisualStudioVersion = 10.0.40219.1
Project("{FAE04EC0-301F-11D3-BF4B-00C04F79EFBC}") = "BuilderPattern", "BuilderPattern\BuilderPattern.csproj", "{5964E5F6-C909-4A44-97F8-3E72DF59C6D5}"
EndProject
Global
	GlobalSection(SolutionConfigurationPlatforms) = preSolution
		Debug|Any CPU = Debug|Any CPU
		Release|Any CPU = Release|Any CPU
	EndGlobalSection
	GlobalSection(ProjectConfigurationPlatforms) = postSolution
		{5964E5F6-C909-4A44-97F8-3E72DF59C6D5}.Debug|Any CPU.ActiveCfg = Debug|Any CPU
		{5964E5F6-C909-4A44-97F8-3E72DF59C6D5}.Debug|Any CPU.Build.0 = Debug|Any CPU
		{5964E5F6-C909-4A44-97F8-3E72DF59C6D5}.Release|Any CPU.ActiveCfg = Release|Any CPU
		{5964E5F6-C909-4A44-97F8-3E72DF59C6D5}.Release|Any CPU.Build.0 = Release|Any CPU
	EndGlobalSection
	GlobalSection(SolutionProperties) = preSolution
		HideSolutionNode = FALSE
	EndGlobalSection
	GlobalSection(ExtensibilityGlobals) = postSolution
		SolutionGuid = {F160E94C-AE71-4325-9C6F-A6082E1CE9BB}
	EndGlobalSection
EndGlobal
